
Microsoft Visual Studio Solution File, Format Version 12.00
# Visual Studio Version 17
VisualStudioVersion = 17.7.34024.191
MinimumVisualStudioVersion = 10.0.40219.1
Project("{FAE04EC0-301F-11D3-BF4B-00C04F79EFBC}") = "net-calculator-tester", "net-calculator-tester\net-calculator-tester.csproj", "{FB033EF4-F289-4474-A203-CF87A6A8D00E}"
EndProject
Project("{FAE04EC0-301F-11D3-BF4B-00C04F79EFBC}") = "CalculatorTestProject", "CalculatorTestProject\CalculatorTestProject.csproj", "{667BE2EE-8D00-4819-AA63-20B1A476C3E1}"
EndProject
Global
	GlobalSection(SolutionConfigurationPlatforms) = preSolution
		Debug|Any CPU = Debug|Any CPU
		Release|Any CPU = Release|Any CPU
	EndGlobalSection
	GlobalSection(ProjectConfigurationPlatforms) = postSolution
		{FB033EF4-F289-4474-A203-CF87A6A8D00E}.Debug|Any CPU.ActiveCfg = Debug|Any CPU
		{FB033EF4-F289-4474-A203-CF87A6A8D00E}.Debug|Any CPU.Build.0 = Debug|Any CPU
		{FB033EF4-F289-4474-A203-CF87A6A8D00E}.Release|Any CPU.ActiveCfg = Release|Any CPU
		{FB033EF4-F289-4474-A203-CF87A6A8D00E}.Release|Any CPU.Build.0 = Release|Any CPU
		{667BE2EE-8D00-4819-AA63-20B1A476C3E1}.Debug|Any CPU.ActiveCfg = Debug|Any CPU
		{667BE2EE-8D00-4819-AA63-20B1A476C3E1}.Debug|Any CPU.Build.0 = Debug|Any CPU
		{667BE2EE-8D00-4819-AA63-20B1A476C3E1}.Release|Any CPU.ActiveCfg = Release|Any CPU
		{667BE2EE-8D00-4819-AA63-20B1A476C3E1}.Release|Any CPU.Build.0 = Release|Any CPU
	EndGlobalSection
	GlobalSection(SolutionProperties) = preSolution
		HideSolutionNode = FALSE
	EndGlobalSection
	GlobalSection(ExtensibilityGlobals) = postSolution
		SolutionGuid = {D540C251-4A68-4AD6-BA46-EA77C9386D21}
	EndGlobalSection
EndGlobal
